<?xml version="1.0" encoding="utf-8"?>
<Project ToolsVersion="4.0" xmlns="http://schemas.microsoft.com/developer/msbuild/2003">
  <ItemGroup>
    <Filter Include="Source Files">
      <UniqueIdentifier>{479f3b82-8bf6-437c-9bff-bd5af2949c30}</UniqueIdentifier>
      <Extensions>cpp;c</Extensions>
    </Filter>
    <Filter Include="Source Files\Win32">
      <UniqueIdentifier>{2657e813-b437-4211-a5af-342ecd0afbec}</UniqueIdentifier>
    </Filter>
    <Filter Include="Header Files">
      <UniqueIdentifier>{59924c54-51dc-4210-a698-18386f9ee34b}</UniqueIdentifier>
      <Extensions>h;hpp</Extensions>
    </Filter>
  </ItemGroup>
  <ItemGroup>
    <ClCompile Include="AccuracyMgr.cpp">
      <Filter>Source Files</Filter>
    </ClCompile>
    <ClCompile Include="AccuracyVisualization.cpp">
      <Filter>Source Files</Filter>
    </ClCompile>
    <ClCompile Include="ActivateObjectFX.cpp">
      <Filter>Source Files</Filter>
    </ClCompile>
    <ClCompile Include="AimMagnetFX.cpp">
      <Filter>Source Files</Filter>
    </ClCompile>
    <ClCompile Include="AimMgr.cpp">
      <Filter>Source Files</Filter>
    </ClCompile>
    <ClCompile Include="AutoTargetMgr.cpp">
      <Filter>Source Files</Filter>
    </ClCompile>
    <ClCompile Include="BaseMenu.cpp">
      <Filter>Source Files</Filter>
    </ClCompile>
    <ClCompile Include="BaseScreen.cpp">
      <Filter>Source Files</Filter>
    </ClCompile>
    <ClCompile Include="BindMgr.cpp">
      <Filter>Source Files</Filter>
    </ClCompile>
    <ClCompile Include="CameraOffsetMgr.cpp">
      <Filter>Source Files</Filter>
    </ClCompile>
    <ClCompile Include="CharacterDisplay.cpp">
      <Filter>Source Files</Filter>
    </ClCompile>
    <ClCompile Include="CharacterFX.cpp">
      <Filter>Source Files</Filter>
    </ClCompile>
    <ClCompile Include="CheatMgr.cpp">
      <Filter>Source Files</Filter>
    </ClCompile>
    <ClCompile Include="client_physics.cpp">
      <Filter>Source Files</Filter>
    </ClCompile>
    <ClCompile Include="ClientConnectionMgr.cpp">
      <Filter>Source Files</Filter>
    </ClCompile>
    <ClCompile Include="ClientDB.cpp">
      <Filter>Source Files</Filter>
    </ClCompile>
    <ClCompile Include="ClientFXInstance.cpp">
      <Filter>Source Files</Filter>
    </ClCompile>
    <ClCompile Include="ClientFXMgr.cpp">
      <Filter>Source Files</Filter>
    </ClCompile>
    <ClCompile Include="ClientFXSequence.cpp">
      <Filter>Source Files</Filter>
    </ClCompile>
    <ClCompile Include="ClientInfoMgr.cpp">
      <Filter>Source Files</Filter>
    </ClCompile>
    <ClCompile Include="ClientMeleeCollisionController.cpp">
      <Filter>Source Files</Filter>
    </ClCompile>
    <ClCompile Include="ClientNodeTrackerContext.cpp">
      <Filter>Source Files</Filter>
    </ClCompile>
    <ClCompile Include="ClientPhysicsCollisionMgr.cpp">
      <Filter>Source Files</Filter>
    </ClCompile>
    <ClCompile Include="ClientSaveLoadMgr.cpp">
      <Filter>Source Files</Filter>
    </ClCompile>
    <ClCompile Include="ClientSoundMgr.cpp">
      <Filter>Source Files</Filter>
    </ClCompile>
    <ClCompile Include="ClientSoundMixer.cpp">
      <Filter>Source Files</Filter>
    </ClCompile>
    <ClCompile Include="ClientSoundNonPointFX.cpp">
      <Filter>Source Files</Filter>
    </ClCompile>
    <ClCompile Include="ClientUtilities.cpp">
      <Filter>Source Files</Filter>
    </ClCompile>
    <ClCompile Include="ClientVoteMgr.cpp">
      <Filter>Source Files</Filter>
    </ClCompile>
    <ClCompile Include="ClientWeapon.cpp">
      <Filter>Source Files</Filter>
    </ClCompile>
    <ClCompile Include="ClientWeaponMgr.cpp">
      <Filter>Source Files</Filter>
    </ClCompile>
    <ClCompile Include="ClientWeaponUtils.cpp">
      <Filter>Source Files</Filter>
    </ClCompile>
    <ClCompile Include="CMoveMgr.cpp">
      <Filter>Source Files</Filter>
    </ClCompile>
    <ClCompile Include="ConditionalAnimationController.cpp">
      <Filter>Source Files</Filter>
    </ClCompile>
    <ClCompile Include="ControlPointSFX.cpp">
      <Filter>Source Files</Filter>
    </ClCompile>
    <ClCompile Include="Credits.cpp">
      <Filter>Source Files</Filter>
    </ClCompile>
    <ClCompile Include="CTFFlagBaseSFX.cpp">
      <Filter>Source Files</Filter>
    </ClCompile>
    <ClCompile Include="CTFFlagSFX.cpp">
      <Filter>Source Files</Filter>
    </ClCompile>
    <ClCompile Include="CursorMgr.cpp">
      <Filter>Source Files</Filter>
    </ClCompile>
    <ClCompile Include="CustomCtrls.cpp">
      <Filter>Source Files</Filter>
    </ClCompile>
    <ClCompile Include="DamageFXMgr.cpp">
      <Filter>Source Files</Filter>
    </ClCompile>
    <ClCompile Include="DebugLineFX.cpp">
      <Filter>Source Files</Filter>
    </ClCompile>
    <ClCompile Include="DynamicSectorVolumeFX.cpp">
      <Filter>Source Files</Filter>
    </ClCompile>
    <ClCompile Include="EntryToolLockFX.cpp">
      <Filter>Source Files</Filter>
    </ClCompile>
    <ClCompile Include="ExplosionFX.cpp">
      <Filter>Source Files</Filter>
    </ClCompile>
    <ClCompile Include="FinishingMoveFX.cpp">
      <Filter>Source Files</Filter>
    </ClCompile>
    <ClCompile Include="FlashLight.cpp">
      <Filter>Source Files</Filter>
    </ClCompile>
    <ClCompile Include="..\Shared\ForceVolume.cpp">
      <Filter>Source Files</Filter>
    </ClCompile>
    <ClCompile Include="ForensicObjectFX.cpp">
      <Filter>Source Files</Filter>
    </ClCompile>
    <ClCompile Include="FrameStatConsoleInfo.cpp">
      <Filter>Source Files</Filter>
    </ClCompile>
    <ClCompile Include="FullScreenTint.cpp">
      <Filter>Source Files</Filter>
    </ClCompile>
    <ClCompile Include="GameClientShell.cpp">
      <Filter>Source Files</Filter>
    </ClCompile>
    <ClCompile Include="GameRuleCtrls.cpp">
      <Filter>Source Files</Filter>
    </ClCompile>
    <ClCompile Include="GameSettings.cpp">
      <Filter>Source Files</Filter>
    </ClCompile>
    <ClCompile Include="GameStreamingMgr.cpp">
      <Filter>Source Files</Filter>
    </ClCompile>
    <ClCompile Include="GlobalClientMgr.cpp">
      <Filter>Source Files</Filter>
    </ClCompile>
    <ClCompile Include="GlobalsInit.cpp">
      <Filter>Source Files</Filter>
    </ClCompile>
    <ClCompile Include="HeadBobMgr.cpp">
      <Filter>Source Files</Filter>
    </ClCompile>
    <ClCompile Include="HitBox.cpp">
      <Filter>Source Files</Filter>
    </ClCompile>
    <ClCompile Include="..\Shared\HostOptionsMapMgr.cpp">
      <Filter>Source Files</Filter>
    </ClCompile>
    <ClCompile Include="HUDActivate.cpp">
      <Filter>Source Files</Filter>
    </ClCompile>
    <ClCompile Include="HUDActivateObject.cpp">
      <Filter>Source Files</Filter>
    </ClCompile>
    <ClCompile Include="HUDAmmo.cpp">
      <Filter>Source Files</Filter>
    </ClCompile>
    <ClCompile Include="HUDAmmoStack.cpp">
      <Filter>Source Files</Filter>
    </ClCompile>
    <ClCompile Include="HUDAnimation.cpp">
      <Filter>Source Files</Filter>
    </ClCompile>
    <ClCompile Include="HUDArmor.cpp">
      <Filter>Source Files</Filter>
    </ClCompile>
    <ClCompile Include="HUDBar.cpp">
      <Filter>Source Files</Filter>
    </ClCompile>
    <ClCompile Include="HUDBuildVersion.cpp">
      <Filter>Source Files</Filter>
    </ClCompile>
    <ClCompile Include="HUDChatInput.cpp">
      <Filter>Source Files</Filter>
    </ClCompile>
    <ClCompile Include="HUDControlPoint.cpp">
      <Filter>Source Files</Filter>
    </ClCompile>
    <ClCompile Include="HUDControlPointBar.cpp">
      <Filter>Source Files</Filter>
    </ClCompile>
    <ClCompile Include="HUDCrosshair.cpp">
      <Filter>Source Files</Filter>
    </ClCompile>
    <ClCompile Include="HUDCTFBase.cpp">
      <Filter>Source Files</Filter>
    </ClCompile>
    <ClCompile Include="HUDCTFFlag.cpp">
      <Filter>Source Files</Filter>
    </ClCompile>
    <ClCompile Include="HUDDamageDir.cpp">
      <Filter>Source Files</Filter>
    </ClCompile>
    <ClCompile Include="HUDDebug.cpp">
      <Filter>Source Files</Filter>
    </ClCompile>
    <ClCompile Include="HUDDebugInput.cpp">
      <Filter>Source Files</Filter>
    </ClCompile>
    <ClCompile Include="HUDDecision.cpp">
      <Filter>Source Files</Filter>
    </ClCompile>
    <ClCompile Include="HUDDialogue.cpp">
      <Filter>Source Files</Filter>
    </ClCompile>
    <ClCompile Include="HUDDistance.cpp">
      <Filter>Source Files</Filter>
    </ClCompile>
    <ClCompile Include="HUDEndRoundMessage.cpp">
      <Filter>Source Files</Filter>
    </ClCompile>
    <ClCompile Include="HUDEvidence.cpp">
      <Filter>Source Files</Filter>
    </ClCompile>
    <ClCompile Include="HUDFlashlight.cpp">
      <Filter>Source Files</Filter>
    </ClCompile>
    <ClCompile Include="HUDFocus.cpp">
      <Filter>Source Files</Filter>
    </ClCompile>
    <ClCompile Include="HUDGear.cpp">
      <Filter>Source Files</Filter>
    </ClCompile>
    <ClCompile Include="HUDGearList.cpp">
      <Filter>Source Files</Filter>
    </ClCompile>
    <ClCompile Include="HUDGrenade.cpp">
      <Filter>Source Files</Filter>
    </ClCompile>
    <ClCompile Include="HUDHealth.cpp">
      <Filter>Source Files</Filter>
    </ClCompile>
    <ClCompile Include="HUDHealth2.cpp">
      <Filter>Source Files</Filter>
    </ClCompile>
    <ClCompile Include="HUDInstinct.cpp">
      <Filter>Source Files</Filter>
    </ClCompile>
    <ClCompile Include="HUDInventory.cpp">
      <Filter>Source Files</Filter>
    </ClCompile>
    <ClCompile Include="HUDInventoryList.cpp">
      <Filter>Source Files</Filter>
    </ClCompile>
    <ClCompile Include="HUDItem.cpp">
      <Filter>Source Files</Filter>
    </ClCompile>
    <ClCompile Include="HUDMessage.cpp">
      <Filter>Source Files</Filter>
    </ClCompile>
    <ClCompile Include="HUDMessageQueue.cpp">
      <Filter>Source Files</Filter>
    </ClCompile>
    <ClCompile Include="HUDMeter.cpp">
      <Filter>Source Files</Filter>
    </ClCompile>
    <ClCompile Include="HUDMgr.cpp">
      <Filter>Source Files</Filter>
    </ClCompile>
    <ClCompile Include="HUDNavMarker.cpp">
      <Filter>Source Files</Filter>
    </ClCompile>
    <ClCompile Include="HUDNavMarkerMgr.cpp">
      <Filter>Source Files</Filter>
    </ClCompile>
    <ClCompile Include="HUDOverlay.cpp">
      <Filter>Source Files</Filter>
    </ClCompile>
    <ClCompile Include="HUDPaused.cpp">
      <Filter>Source Files</Filter>
    </ClCompile>
    <ClCompile Include="HUDPlayerList.cpp">
      <Filter>Source Files</Filter>
    </ClCompile>
    <ClCompile Include="HUDRadio.cpp">
      <Filter>Source Files</Filter>
    </ClCompile>
    <ClCompile Include="HUDRespawn.cpp">
      <Filter>Source Files</Filter>
    </ClCompile>
    <ClCompile Include="HUDScoreDiff.cpp">
      <Filter>Source Files</Filter>
    </ClCompile>
    <ClCompile Include="HUDScores.cpp">
      <Filter>Source Files</Filter>
    </ClCompile>
    <ClCompile Include="HUDSlowMo.cpp">
      <Filter>Source Files</Filter>
    </ClCompile>
    <ClCompile Include="HUDSonicBreath.cpp">
      <Filter>Source Files</Filter>
    </ClCompile>
    <ClCompile Include="HUDSpectator.cpp">
      <Filter>Source Files</Filter>
    </ClCompile>
    <ClCompile Include="HUDSprintBoost.cpp">
      <Filter>Source Files</Filter>
    </ClCompile>
    <ClCompile Include="HUDSubtitles.cpp">
      <Filter>Source Files</Filter>
    </ClCompile>
    <ClCompile Include="HUDSwap.cpp">
      <Filter>Source Files</Filter>
    </ClCompile>
    <ClCompile Include="HUDTeamScores.cpp">
      <Filter>Source Files</Filter>
    </ClCompile>
    <ClCompile Include="HUDTimer.cpp">
      <Filter>Source Files</Filter>
    </ClCompile>
    <ClCompile Include="HUDTitleSafeAreaNTSC.cpp">
      <Filter>Source Files</Filter>
    </ClCompile>
    <ClCompile Include="HUDToolSelect.cpp">
      <Filter>Source Files</Filter>
    </ClCompile>
    <ClCompile Include="HUDTransmission.cpp">
      <Filter>Source Files</Filter>
    </ClCompile>
    <ClCompile Include="HUDVote.cpp">
      <Filter>Source Files</Filter>
    </ClCompile>
    <ClCompile Include="HUDWeapon.cpp">
      <Filter>Source Files</Filter>
    </ClCompile>
    <ClCompile Include="HUDWeaponBreak.cpp">
      <Filter>Source Files</Filter>
    </ClCompile>
    <ClCompile Include="HUDWeaponList.cpp">
      <Filter>Source Files</Filter>
    </ClCompile>
    <ClCompile Include="InterfaceMgr.cpp">
      <Filter>Source Files</Filter>
    </ClCompile>
    <ClCompile Include="InterfaceResMgr.cpp">
      <Filter>Source Files</Filter>
    </ClCompile>
    <ClCompile Include="JumpVolumeFX.cpp">
      <Filter>Source Files</Filter>
    </ClCompile>
    <ClCompile Include="LadderFX.cpp">
      <Filter>Source Files</Filter>
    </ClCompile>
    <ClCompile Include="LadderMgr.cpp">
      <Filter>Source Files</Filter>
    </ClCompile>
    <ClCompile Include="LayoutDB.cpp">
      <Filter>Source Files</Filter>
    </ClCompile>
    <ClCompile Include="LeanMgr.cpp">
      <Filter>Source Files</Filter>
    </ClCompile>
    <ClCompile Include="LightScaleMgr.cpp">
      <Filter>Source Files</Filter>
    </ClCompile>
    <ClCompile Include="LoadingScreen.cpp">
      <Filter>Source Files</Filter>
    </ClCompile>
    <ClCompile Include="LoadingScreenLayout.cpp">
      <Filter>Source Files</Filter>
    </ClCompile>
    <ClCompile Include="MarkSFX.cpp">
      <Filter>Source Files</Filter>
    </ClCompile>
    <ClCompile Include="MenuEndRound.cpp">
      <Filter>Source Files</Filter>
    </ClCompile>
    <ClCompile Include="MenuMgr.cpp">
      <Filter>Source Files</Filter>
    </ClCompile>
    <ClCompile Include="MenuMission.cpp">
      <Filter>Source Files</Filter>
    </ClCompile>
    <ClCompile Include="MenuSystem.cpp">
      <Filter>Source Files</Filter>
    </ClCompile>
    <ClCompile Include="MessageBox.cpp">
      <Filter>Source Files</Filter>
    </ClCompile>
    <ClCompile Include="MissionMgr.cpp">
      <Filter>Source Files</Filter>
    </ClCompile>
    <ClCompile Include="ModelDecalMgr.cpp">
      <Filter>Source Files</Filter>
    </ClCompile>
    <ClCompile Include="NavMarkerFX.cpp">
      <Filter>Source Files</Filter>
    </ClCompile>
    <ClCompile Include="NodeBlink.cpp">
      <Filter>Source Files</Filter>
    </ClCompile>
    <ClCompile Include="NodeController.cpp">
      <Filter>Source Files</Filter>
    </ClCompile>
    <ClCompile Include="objectdetector.cpp">
      <Filter>Source Files</Filter>
    </ClCompile>
    <ClCompile Include="OrbitalScreenshotMgr.cpp">
      <Filter>Source Files</Filter>
    </ClCompile>
    <ClCompile Include="PerformanceLog.cpp">
      <Filter>Source Files</Filter>
    </ClCompile>
    <ClCompile Include="PerformanceLogMgr.cpp">
      <Filter>Source Files</Filter>
    </ClCompile>
    <ClCompile Include="PerformanceMgr.cpp">
      <Filter>Source Files</Filter>
    </ClCompile>
    <ClCompile Include="..\..\Engine\sdk\inc\performancemonitorhook.cpp">
      <Filter>Source Files</Filter>
    </ClCompile>
    <ClCompile Include="PerformanceTest.cpp">
      <Filter>Source Files</Filter>
    </ClCompile>
    <ClCompile Include="PhysicsCollisionSystemFX.cpp">
      <Filter>Source Files</Filter>
    </ClCompile>
    <ClCompile Include="PhysicsConstraintFX.cpp">
      <Filter>Source Files</Filter>
    </ClCompile>
    <ClCompile Include="PickupItemFX.cpp">
      <Filter>Source Files</Filter>
    </ClCompile>
    <ClCompile Include="PlayerBodyMgr.cpp">
      <Filter>Source Files</Filter>
    </ClCompile>
    <ClCompile Include="PlayerCamera.cpp">
      <Filter>Source Files</Filter>
    </ClCompile>
    <ClCompile Include="PlayerLureFX.cpp">
      <Filter>Source Files</Filter>
    </ClCompile>
    <ClCompile Include="PlayerMgr.cpp">
      <Filter>Source Files</Filter>
    </ClCompile>
    <ClCompile Include="PlayerSoundFX.cpp">
      <Filter>Source Files</Filter>
    </ClCompile>
    <ClCompile Include="PlayerStats.cpp">
      <Filter>Source Files</Filter>
    </ClCompile>
    <ClCompile Include="PlayerViewAttachmentMgr.cpp">
      <Filter>Source Files</Filter>
    </ClCompile>
    <ClCompile Include="PolyGridFX.cpp">
      <Filter>Source Files</Filter>
    </ClCompile>
    <ClCompile Include="ProfileMgr.cpp">
      <Filter>Source Files</Filter>
    </ClCompile>
    <ClCompile Include="ProjectileFX.cpp">
      <Filter>Source Files</Filter>
    </ClCompile>
    <ClCompile Include="RenderTargetFX.cpp">
      <Filter>Source Files</Filter>
    </ClCompile>
    <ClCompile Include="RenderTargetGroupFx.cpp">
      <Filter>Source Files</Filter>
    </ClCompile>
    <ClCompile Include="ScatterFX.cpp">
      <Filter>Source Files</Filter>
    </ClCompile>
    <ClCompile Include="ScmdConsoleDriver_CShell.cpp">
      <Filter>Source Files</Filter>
    </ClCompile>
    <ClCompile Include="ScoresCtrl.cpp">
      <Filter>Source Files</Filter>
    </ClCompile>
    <ClCompile Include="ScreenAudio.cpp">
      <Filter>Source Files</Filter>
    </ClCompile>
    <ClCompile Include="ScreenConfigure.cpp">
      <Filter>Source Files</Filter>
    </ClCompile>
    <ClCompile Include="ScreenControls.cpp">
      <Filter>Source Files</Filter>
    </ClCompile>
    <ClCompile Include="ScreenCrosshair.cpp">
      <Filter>Source Files</Filter>
    </ClCompile>
    <ClCompile Include="ScreenDisplay.cpp">
      <Filter>Source Files</Filter>
    </ClCompile>
    <ClCompile Include="ScreenEffectFX.cpp">
      <Filter>Source Files</Filter>
    </ClCompile>
    <ClCompile Include="ScreenFailure.cpp">
      <Filter>Source Files</Filter>
    </ClCompile>
    <ClCompile Include="ScreenGame.cpp">
      <Filter>Source Files</Filter>
    </ClCompile>
    <ClCompile Include="ScreenHostDownload.cpp">
      <Filter>Source Files</Filter>
    </ClCompile>
    <ClCompile Include="ScreenHostVoting.cpp">
      <Filter>Source Files</Filter>
    </ClCompile>
    <ClCompile Include="ScreenHostWeapons.cpp">
      <Filter>Source Files</Filter>
    </ClCompile>
    <ClCompile Include="ScreenJoystick.cpp">
      <Filter>Source Files</Filter>
    </ClCompile>
    <ClCompile Include="ScreenLoad.cpp">
      <Filter>Source Files</Filter>
    </ClCompile>
    <ClCompile Include="ScreenMain.cpp">
      <Filter>Source Files</Filter>
    </ClCompile>
    <ClCompile Include="ScreenMgr.cpp">
      <Filter>Source Files</Filter>
    </ClCompile>
    <ClCompile Include="ScreenMouse.cpp">
      <Filter>Source Files</Filter>
    </ClCompile>
    <ClCompile Include="ScreenMutePlayer.cpp">
      <Filter>Source Files</Filter>
    </ClCompile>
    <ClCompile Include="ScreenOptions.cpp">
      <Filter>Source Files</Filter>
    </ClCompile>
    <ClCompile Include="ScreenPerformance.cpp">
      <Filter>Source Files</Filter>
    </ClCompile>
    <ClCompile Include="ScreenPerformanceAdvanced.cpp">
      <Filter>Source Files</Filter>
    </ClCompile>
    <ClCompile Include="ScreenPerformanceCPU.cpp">
      <Filter>Source Files</Filter>
    </ClCompile>
    <ClCompile Include="ScreenPerformanceGPU.cpp">
      <Filter>Source Files</Filter>
    </ClCompile>
    <ClCompile Include="ScreenPlayer.cpp">
      <Filter>Source Files</Filter>
    </ClCompile>
    <ClCompile Include="ScreenPlayerLoadout.cpp">
      <Filter>Source Files</Filter>
    </ClCompile>
    <ClCompile Include="ScreenPlayerTeam.cpp">
      <Filter>Source Files</Filter>
    </ClCompile>
    <ClCompile Include="ScreenPostload.cpp">
      <Filter>Source Files</Filter>
    </ClCompile>
    <ClCompile Include="ScreenPreload.cpp">
      <Filter>Source Files</Filter>
    </ClCompile>
    <ClCompile Include="ScreenProfile.cpp">
      <Filter>Source Files</Filter>
    </ClCompile>
    <ClCompile Include="ScreenSave.cpp">
      <Filter>Source Files</Filter>
    </ClCompile>
    <ClCompile Include="ScreenSingle.cpp">
      <Filter>Source Files</Filter>
    </ClCompile>
    <ClCompile Include="ScreenTeam.cpp">
      <Filter>Source Files</Filter>
    </ClCompile>
    <ClCompile Include="ScreenTintMgr.cpp">
      <Filter>Source Files</Filter>
    </ClCompile>
    <ClCompile Include="ScreenVote.cpp">
      <Filter>Source Files</Filter>
    </ClCompile>
    <ClCompile Include="ScreenWeapons.cpp">
      <Filter>Source Files</Filter>
    </ClCompile>
    <ClCompile Include="SearchLightFX.cpp">
      <Filter>Source Files</Filter>
    </ClCompile>
    <ClCompile Include="SFXMgr.cpp">
      <Filter>Source Files</Filter>
    </ClCompile>
    <ClCompile Include="ShatterEffect.cpp">
      <Filter>Source Files</Filter>
    </ClCompile>
    <ClCompile Include="ShatterEffectMgr.cpp">
      <Filter>Source Files</Filter>
    </ClCompile>
    <ClCompile Include="ShellCasingFX.cpp">
      <Filter>Source Files</Filter>
    </ClCompile>
    <ClCompile Include="SnowFX.cpp">
      <Filter>Source Files</Filter>
    </ClCompile>
    <ClCompile Include="SpecialFXList.cpp">
      <Filter>Source Files</Filter>
    </ClCompile>
    <ClCompile Include="SpecialFXNotifyMessageHandler.cpp">
      <Filter>Source Files</Filter>
    </ClCompile>
    <ClCompile Include="SpecialMoveFX.cpp">
      <Filter>Source Files</Filter>
    </ClCompile>
    <ClCompile Include="SpecialMoveMgr.cpp">
      <Filter>Source Files</Filter>
    </ClCompile>
    <ClCompile Include="Stdafx.cpp">
      <Filter>Source Files</Filter>
    </ClCompile>
    <ClCompile Include="TargetMgr.cpp">
      <Filter>Source Files</Filter>
    </ClCompile>
    <ClCompile Include="TeamClientFXSFX.cpp">
      <Filter>Source Files</Filter>
    </ClCompile>
    <ClCompile Include="TriggerFX.cpp">
      <Filter>Source Files</Filter>
    </ClCompile>
    <ClCompile Include="TurretFX.cpp">
      <Filter>Source Files</Filter>
    </ClCompile>
    <ClCompile Include="UserNotificationMgr.cpp">
      <Filter>Source Files</Filter>
    </ClCompile>
    <ClCompile Include="UserNotifiers.cpp">
      <Filter>Source Files</Filter>
    </ClCompile>
    <ClCompile Include="VehicleMgr.cpp">
      <Filter>Source Files</Filter>
    </ClCompile>
    <ClCompile Include="VKDefs.cpp">
      <Filter>Source Files</Filter>
    </ClCompile>
    <ClCompile Include="VolumetricLightFX.cpp">
      <Filter>Source Files</Filter>
    </ClCompile>
    <ClCompile Include="WeaponDisplay.cpp">
      <Filter>Source Files</Filter>
    </ClCompile>
    <ClCompile Include="WeaponFX.cpp">
      <Filter>Source Files</Filter>
    </ClCompile>
    <ClCompile Include="ScreenHost.cpp">
      <Filter>Source Files\Win32</Filter>
    </ClCompile>
    <ClCompile Include="ScreenHostLevels.cpp">
      <Filter>Source Files\Win32</Filter>
    </ClCompile>
    <ClCompile Include="ScreenHostOptionFile.cpp">
      <Filter>Source Files\Win32</Filter>
    </ClCompile>
    <ClCompile Include="ScreenHostOptions.cpp">
      <Filter>Source Files\Win32</Filter>
    </ClCompile>
    <ClCompile Include="ScreenMulti.cpp">
      <Filter>Source Files\Win32</Filter>
    </ClCompile>
    <ClCompile Include="ServerBrowserCtrl.cpp">
      <Filter>Source Files\Win32</Filter>
    </ClCompile>
  </ItemGroup>
  <ItemGroup>
    <ClInclude Include="HUDTeamScores.h">
      <Filter>Source Files</Filter>
    </ClInclude>
    <ClInclude Include="AccuracyMgr.h">
      <Filter>Header Files</Filter>
    </ClInclude>
    <ClInclude Include="AccuracyVisualization.h">
      <Filter>Header Files</Filter>
    </ClInclude>
    <ClInclude Include="ActivateObjectFX.h">
      <Filter>Header Files</Filter>
    </ClInclude>
    <ClInclude Include="..\Shared\ActivationData.h">
      <Filter>Header Files</Filter>
    </ClInclude>
    <ClInclude Include="AimMagnetFX.h">
      <Filter>Header Files</Filter>
    </ClInclude>
    <ClInclude Include="AimMgr.h">
      <Filter>Header Files</Filter>
    </ClInclude>
    <ClInclude Include="..\Shared\AnimationDescriptorEnums.h">
      <Filter>Header Files</Filter>
    </ClInclude>
    <ClInclude Include="..\Shared\AnimationDescriptorGroupEnums.h">
      <Filter>Header Files</Filter>
    </ClInclude>
    <ClInclude Include="..\Shared\AnimationDescriptors.h">
      <Filter>Header Files</Filter>
    </ClInclude>
    <ClInclude Include="..\Shared\AnimationDescriptorStrings.h">
      <Filter>Header Files</Filter>
    </ClInclude>
    <ClInclude Include="..\Shared\AnimationProp.h">
      <Filter>Header Files</Filter>
    </ClInclude>
    <ClInclude Include="..\Shared\AnimationPropEnums.h">
      <Filter>Header Files</Filter>
    </ClInclude>
    <ClInclude Include="..\Shared\AnimationPropGroupEnums.h">
      <Filter>Header Files</Filter>
    </ClInclude>
    <ClInclude Include="..\Shared\AnimationPropStrings.h">
      <Filter>Header Files</Filter>
    </ClInclude>
    <ClInclude Include="..\Shared\Animator.h">
      <Filter>Header Files</Filter>
    </ClInclude>
    <ClInclude Include="..\Shared\AssertMgr.h">
      <Filter>Header Files</Filter>
    </ClInclude>
    <ClInclude Include="..\Shared\AttachmentDB.h">
      <Filter>Header Files</Filter>
    </ClInclude>
    <ClInclude Include="AutoTargetMgr.h">
      <Filter>Header Files</Filter>
    </ClInclude>
    <ClInclude Include="BaseMenu.h">
      <Filter>Header Files</Filter>
    </ClInclude>
    <ClInclude Include="BaseScreen.h">
      <Filter>Header Files</Filter>
    </ClInclude>
    <ClInclude Include="BindMgr.h">
      <Filter>Header Files</Filter>
    </ClInclude>
    <ClInclude Include="..\Shared\BuildDefines.h">
      <Filter>Header Files</Filter>
    </ClInclude>
    <ClInclude Include="CameraFX.h">
      <Filter>Header Files</Filter>
    </ClInclude>
    <ClInclude Include="CameraOffsetMgr.h">
      <Filter>Header Files</Filter>
    </ClInclude>
    <ClInclude Include="CharacterDisplay.h">
      <Filter>Header Files</Filter>
    </ClInclude>
    <ClInclude Include="CharacterFX.h">
      <Filter>Header Files</Filter>
    </ClInclude>
    <ClInclude Include="CheatMgr.h">
      <Filter>Header Files</Filter>
    </ClInclude>
    <ClInclude Include="client_physics.h">
      <Filter>Header Files</Filter>
    </ClInclude>
    <ClInclude Include="ClientConnectionMgr.h">
      <Filter>Header Files</Filter>
    </ClInclude>
    <ClInclude Include="ClientDB.h">
      <Filter>Header Files</Filter>
    </ClInclude>
    <ClInclude Include="ClientFXInstance.h">
      <Filter>Header Files</Filter>
    </ClInclude>
    <ClInclude Include="ClientFXMgr.h">
      <Filter>Header Files</Filter>
    </ClInclude>
    <ClInclude Include="ClientFXSequence.h">
      <Filter>Header Files</Filter>
    </ClInclude>
    <ClInclude Include="ClientInfoMgr.h">
      <Filter>Header Files</Filter>
    </ClInclude>
    <ClInclude Include="ClientMeleeCollisionController.h">
      <Filter>Header Files</Filter>
    </ClInclude>
    <ClInclude Include="ClientNodeTrackerContext.h">
      <Filter>Header Files</Filter>
    </ClInclude>
    <ClInclude Include="ClientPhysicsCollisionMgr.h">
      <Filter>Header Files</Filter>
    </ClInclude>
    <ClInclude Include="ClientSaveLoadMgr.h">
      <Filter>Header Files</Filter>
    </ClInclude>
    <ClInclude Include="..\Shared\ClientServerShared.h">
      <Filter>Header Files</Filter>
    </ClInclude>
    <ClInclude Include="ClientSoundMgr.h">
      <Filter>Header Files</Filter>
    </ClInclude>
    <ClInclude Include="ClientSoundNonPointFX.h">
      <Filter>Header Files</Filter>
    </ClInclude>
    <ClInclude Include="ClientUtilities.h">
      <Filter>Header Files</Filter>
    </ClInclude>
    <ClInclude Include="ClientVoteMgr.h">
      <Filter>Header Files</Filter>
    </ClInclude>
    <ClInclude Include="ClientWeapon.h">
      <Filter>Header Files</Filter>
    </ClInclude>
    <ClInclude Include="ClientWeaponMgr.h">
      <Filter>Header Files</Filter>
    </ClInclude>
    <ClInclude Include="ClientWeaponUtils.h">
      <Filter>Header Files</Filter>
    </ClInclude>
    <ClInclude Include="CMoveMgr.h">
      <Filter>Header Files</Filter>
    </ClInclude>
    <ClInclude Include="..\Shared\CommonUtilities.h">
      <Filter>Header Files</Filter>
    </ClInclude>
    <ClInclude Include="ConditionalAnimationController.h">
      <Filter>Header Files</Filter>
    </ClInclude>
    <ClInclude Include="ControlPointSFX.h">
      <Filter>Header Files</Filter>
    </ClInclude>
    <ClInclude Include="..\Shared\CRC32.h">
      <Filter>Header Files</Filter>
    </ClInclude>
    <ClInclude Include="Credits.h">
      <Filter>Header Files</Filter>
    </ClInclude>
    <ClInclude Include="CreditsDB.h">
      <Filter>Header Files</Filter>
    </ClInclude>
    <ClInclude Include="CTFFlagBaseSFX.h">
      <Filter>Header Files</Filter>
    </ClInclude>
    <ClInclude Include="CTFFlagSFX.h">
      <Filter>Header Files</Filter>
    </ClInclude>
    <ClInclude Include="CursorMgr.h">
      <Filter>Header Files</Filter>
    </ClInclude>
    <ClInclude Include="CursorsDB.h">
      <Filter>Header Files</Filter>
    </ClInclude>
    <ClInclude Include="CustomCtrls.h">
      <Filter>Header Files</Filter>
    </ClInclude>
    <ClInclude Include="DamageFXMgr.h">
      <Filter>Header Files</Filter>
    </ClInclude>
    <ClInclude Include="..\Shared\DamageTypes.h">
      <Filter>Header Files</Filter>
    </ClInclude>
    <ClInclude Include="..\Shared\DatabaseUtils.h">
      <Filter>Header Files</Filter>
    </ClInclude>
    <ClInclude Include="..\Shared\DebugLine.h">
      <Filter>Header Files</Filter>
    </ClInclude>
    <ClInclude Include="DebugLineFX.h">
      <Filter>Header Files</Filter>
    </ClInclude>
    <ClInclude Include="..\Shared\DebugNew.h">
      <Filter>Header Files</Filter>
    </ClInclude>
    <ClInclude Include="DynamicSectorVolumeFX.h">
      <Filter>Header Files</Filter>
    </ClInclude>
    <ClInclude Include="EntryToolLockFX.h">
      <Filter>Header Files</Filter>
    </ClInclude>
    <ClInclude Include="ExplosionFX.h">
      <Filter>Header Files</Filter>
    </ClInclude>
    <ClInclude Include="FastList.h">
      <Filter>Header Files</Filter>
    </ClInclude>
    <ClInclude Include="FinishingMoveFX.h">
      <Filter>Header Files</Filter>
    </ClInclude>
    <ClInclude Include="FlashLight.h">
      <Filter>Header Files</Filter>
    </ClInclude>
    <ClInclude Include="..\Shared\ForceVolume.h">
      <Filter>Header Files</Filter>
    </ClInclude>
    <ClInclude Include="ForensicObjectFX.h">
      <Filter>Header Files</Filter>
    </ClInclude>
    <ClInclude Include="FrameStatConsoleInfo.h">
      <Filter>Header Files</Filter>
    </ClInclude>
    <ClInclude Include="FullScreenTint.h">
      <Filter>Header Files</Filter>
    </ClInclude>
    <ClInclude Include="..\Shared\FXDB.h">
      <Filter>Header Files</Filter>
    </ClInclude>
    <ClInclude Include="..\Shared\GameButeMgr.h">
      <Filter>Header Files</Filter>
    </ClInclude>
    <ClInclude Include="GameButes.h">
      <Filter>Header Files</Filter>
    </ClInclude>
    <ClInclude Include="GameClientShell.h">
      <Filter>Header Files</Filter>
    </ClInclude>
    <ClInclude Include="..\Shared\GameDatabaseMgr.h">
      <Filter>Header Files</Filter>
    </ClInclude>
    <ClInclude Include="GameRuleCtrls.h">
      <Filter>Header Files</Filter>
    </ClInclude>
    <ClInclude Include="GameSettings.h">
      <Filter>Header Files</Filter>
    </ClInclude>
    <ClInclude Include="GameStreamingMgr.h">
      <Filter>Header Files</Filter>
    </ClInclude>
    <ClInclude Include="GlobalClientMgr.h">
      <Filter>Header Files</Filter>
    </ClInclude>
    <ClInclude Include="..\Shared\GlobalMgr.h">
      <Filter>Header Files</Filter>
    </ClInclude>
    <ClInclude Include="HeadBobMgr.h">
      <Filter>Header Files</Filter>
    </ClInclude>
    <ClInclude Include="HitBox.h">
      <Filter>Header Files</Filter>
    </ClInclude>
    <ClInclude Include="..\Shared\HostOptionsMapMgr.h">
      <Filter>Header Files</Filter>
    </ClInclude>
    <ClInclude Include="HUDActivate.h">
      <Filter>Header Files</Filter>
    </ClInclude>
    <ClInclude Include="HUDActivateObject.h">
      <Filter>Header Files</Filter>
    </ClInclude>
    <ClInclude Include="HUDAmmo.h">
      <Filter>Header Files</Filter>
    </ClInclude>
    <ClInclude Include="HUDAmmoStack.h">
      <Filter>Header Files</Filter>
    </ClInclude>
    <ClInclude Include="HUDAnimation.h">
      <Filter>Header Files</Filter>
    </ClInclude>
    <ClInclude Include="HUDArmor.h">
      <Filter>Header Files</Filter>
    </ClInclude>
    <ClInclude Include="HUDBar.h">
      <Filter>Header Files</Filter>
    </ClInclude>
    <ClInclude Include="HUDBuildVersion.h">
      <Filter>Header Files</Filter>
    </ClInclude>
    <ClInclude Include="HUDChatInput.h">
      <Filter>Header Files</Filter>
    </ClInclude>
    <ClInclude Include="HUDControlPoint.h">
      <Filter>Header Files</Filter>
    </ClInclude>
    <ClInclude Include="HUDControlPointBar.h">
      <Filter>Header Files</Filter>
    </ClInclude>
    <ClInclude Include="HUDCrosshair.h">
      <Filter>Header Files</Filter>
    </ClInclude>
    <ClInclude Include="HUDCTFBase.h">
      <Filter>Header Files</Filter>
    </ClInclude>
    <ClInclude Include="HUDCTFFlag.h">
      <Filter>Header Files</Filter>
    </ClInclude>
    <ClInclude Include="HUDDamageDir.h">
      <Filter>Header Files</Filter>
    </ClInclude>
    <ClInclude Include="HUDDebug.h">
      <Filter>Header Files</Filter>
    </ClInclude>
    <ClInclude Include="HUDDecision.h">
      <Filter>Header Files</Filter>
    </ClInclude>
    <ClInclude Include="HUDDialogue.h">
      <Filter>Header Files</Filter>
    </ClInclude>
    <ClInclude Include="HUDDistance.h">
      <Filter>Header Files</Filter>
    </ClInclude>
    <ClInclude Include="HUDEndRoundMessage.h">
      <Filter>Header Files</Filter>
    </ClInclude>
    <ClInclude Include="HUDEnums.h">
      <Filter>Header Files</Filter>
    </ClInclude>
    <ClInclude Include="HUDEvidence.h">
      <Filter>Header Files</Filter>
    </ClInclude>
    <ClInclude Include="HUDFlashlight.h">
      <Filter>Header Files</Filter>
    </ClInclude>
    <ClInclude Include="HUDFocus.h">
      <Filter>Header Files</Filter>
    </ClInclude>
    <ClInclude Include="HUDGear.h">
      <Filter>Header Files</Filter>
    </ClInclude>
    <ClInclude Include="HUDGearList.h">
      <Filter>Header Files</Filter>
    </ClInclude>
    <ClInclude Include="HUDGrenade.h">
      <Filter>Header Files</Filter>
    </ClInclude>
    <ClInclude Include="HUDHealth.h">
      <Filter>Header Files</Filter>
    </ClInclude>
    <ClInclude Include="HUDHealth2.h">
      <Filter>Header Files</Filter>
    </ClInclude>
    <ClInclude Include="HUDInstinct.h">
      <Filter>Header Files</Filter>
    </ClInclude>
    <ClInclude Include="HUDInventory.h">
      <Filter>Header Files</Filter>
    </ClInclude>
    <ClInclude Include="HUDInventoryList.h">
      <Filter>Header Files</Filter>
    </ClInclude>
    <ClInclude Include="HUDItem.h">
      <Filter>Header Files</Filter>
    </ClInclude>
    <ClInclude Include="HUDMessage.h">
      <Filter>Header Files</Filter>
    </ClInclude>
    <ClInclude Include="HUDMessageQueue.h">
      <Filter>Header Files</Filter>
    </ClInclude>
    <ClInclude Include="HUDMeter.h">
      <Filter>Header Files</Filter>
    </ClInclude>
    <ClInclude Include="HUDMgr.h">
      <Filter>Header Files</Filter>
    </ClInclude>
    <ClInclude Include="HUDNavMarker.h">
      <Filter>Header Files</Filter>
    </ClInclude>
    <ClInclude Include="HUDNavMarkerMgr.h">
      <Filter>Header Files</Filter>
    </ClInclude>
    <ClInclude Include="HUDOverlay.h">
      <Filter>Header Files</Filter>
    </ClInclude>
    <ClInclude Include="HUDPaused.h">
      <Filter>Header Files</Filter>
    </ClInclude>
    <ClInclude Include="HUDPlayerList.h">
      <Filter>Header Files</Filter>
    </ClInclude>
    <ClInclude Include="HUDRadio.h">
      <Filter>Header Files</Filter>
    </ClInclude>
    <ClInclude Include="HUDRespawn.h">
      <Filter>Header Files</Filter>
    </ClInclude>
    <ClInclude Include="HUDScoreDiff.h">
      <Filter>Header Files</Filter>
    </ClInclude>
    <ClInclude Include="HUDScores.h">
      <Filter>Header Files</Filter>
    </ClInclude>
    <ClInclude Include="HUDSlowMo.h">
      <Filter>Header Files</Filter>
    </ClInclude>
    <ClInclude Include="HUDSonicBreath.h">
      <Filter>Header Files</Filter>
    </ClInclude>
    <ClInclude Include="HUDSpectator.h">
      <Filter>Header Files</Filter>
    </ClInclude>
    <ClInclude Include="HUDSprintBoost.h">
      <Filter>Header Files</Filter>
    </ClInclude>
    <ClInclude Include="HUDSubtitles.h">
      <Filter>Header Files</Filter>
    </ClInclude>
    <ClInclude Include="HUDSwap.h">
      <Filter>Header Files</Filter>
    </ClInclude>
    <ClInclude Include="HUDTimer.h">
      <Filter>Header Files</Filter>
    </ClInclude>
    <ClInclude Include="HUDTitleSafeAreaNTSC.h">
      <Filter>Header Files</Filter>
    </ClInclude>
    <ClInclude Include="HUDToolSelect.h">
      <Filter>Header Files</Filter>
    </ClInclude>
    <ClInclude Include="HUDTransmission.h">
      <Filter>Header Files</Filter>
    </ClInclude>
    <ClInclude Include="HUDVote.h">
      <Filter>Header Files</Filter>
    </ClInclude>
    <ClInclude Include="HUDWeapon.h">
      <Filter>Header Files</Filter>
    </ClInclude>
    <ClInclude Include="HUDWeaponBreak.h">
      <Filter>Header Files</Filter>
    </ClInclude>
    <ClInclude Include="HUDWeaponList.h">
      <Filter>Header Files</Filter>
    </ClInclude>
    <ClInclude Include="..\..\Engine\sdk\inc\iltbaseclass.h">
      <Filter>Header Files</Filter>
    </ClInclude>
    <ClInclude Include="InterfaceMgr.h">
      <Filter>Header Files</Filter>
    </ClInclude>
    <ClInclude Include="InterfaceResMgr.h">
      <Filter>Header Files</Filter>
    </ClInclude>
    <ClInclude Include="..\Shared\InterfaceSound.h">
      <Filter>Header Files</Filter>
    </ClInclude>
    <ClInclude Include="..\Libs\ServerDir\IServerDir.h">
      <Filter>Header Files</Filter>
    </ClInclude>
    <ClInclude Include="JumpVolumeFX.h">
      <Filter>Header Files</Filter>
    </ClInclude>
    <ClInclude Include="LadderFX.h">
      <Filter>Header Files</Filter>
    </ClInclude>
    <ClInclude Include="LadderMgr.h">
      <Filter>Header Files</Filter>
    </ClInclude>
    <ClInclude Include="LayoutDB.h">
      <Filter>Header Files</Filter>
    </ClInclude>
    <ClInclude Include="LeanMgr.h">
      <Filter>Header Files</Filter>
    </ClInclude>
    <ClInclude Include="LightScaleMgr.h">
      <Filter>Header Files</Filter>
    </ClInclude>
    <ClInclude Include="LoadingScreen.h">
      <Filter>Header Files</Filter>
    </ClInclude>
    <ClInclude Include="LoadingScreenLayout.h">
      <Filter>Header Files</Filter>
    </ClInclude>
    <ClInclude Include="..\..\Engine\sdk\inc\LTEulerAngles.h">
      <Filter>Header Files</Filter>
    </ClInclude>
    <ClInclude Include="..\..\Engine\sdk\inc\ltmodule.h">
      <Filter>Header Files</Filter>
    </ClInclude>
    <ClInclude Include="..\..\engine\sdk\inc\ltobjref.h">
      <Filter>Header Files</Filter>
    </ClInclude>
    <ClInclude Include="..\Shared\LTPoly.h">
      <Filter>Header Files</Filter>
    </ClInclude>
    <ClInclude Include="..\..\Engine\sdk\inc\ltquatbase.h">
      <Filter>Header Files</Filter>
    </ClInclude>
    <ClInclude Include="MarkSFX.h">
      <Filter>Header Files</Filter>
    </ClInclude>
    <ClInclude Include="MenuEndRound.h">
      <Filter>Header Files</Filter>
    </ClInclude>
    <ClInclude Include="MenuEnum.h">
      <Filter>Header Files</Filter>
    </ClInclude>
    <ClInclude Include="MenuMgr.h">
      <Filter>Header Files</Filter>
    </ClInclude>
    <ClInclude Include="MenuMission.h">
      <Filter>Header Files</Filter>
    </ClInclude>
    <ClInclude Include="MenuSystem.h">
      <Filter>Header Files</Filter>
    </ClInclude>
    <ClInclude Include="MessageBox.h">
      <Filter>Header Files</Filter>
    </ClInclude>
    <ClInclude Include="..\Shared\MissionDB.h">
      <Filter>Header Files</Filter>
    </ClInclude>
    <ClInclude Include="MissionMgr.h">
      <Filter>Header Files</Filter>
    </ClInclude>
    <ClInclude Include="ModelDecalMgr.h">
      <Filter>Header Files</Filter>
    </ClInclude>
    <ClInclude Include="NavMarkerFX.h">
      <Filter>Header Files</Filter>
    </ClInclude>
    <ClInclude Include="..\Shared\NavMarkerTypeDB.h">
      <Filter>Header Files</Filter>
    </ClInclude>
    <ClInclude Include="..\Shared\NetDefs.h">
      <Filter>Header Files</Filter>
    </ClInclude>
    <ClInclude Include="NodeBlink.h">
      <Filter>Header Files</Filter>
    </ClInclude>
    <ClInclude Include="NodeController.h">
      <Filter>Header Files</Filter>
    </ClInclude>
    <ClInclude Include="..\Shared\NodeTracker.h">
      <Filter>Header Files</Filter>
    </ClInclude>
    <ClInclude Include="..\Shared\NodeTrackerContext.h">
      <Filter>Header Files</Filter>
    </ClInclude>
    <ClInclude Include="objectdetector.h">
      <Filter>Header Files</Filter>
    </ClInclude>
    <ClInclude Include="OrbitalScreenshotMgr.h">
      <Filter>Header Files</Filter>
    </ClInclude>
    <ClInclude Include="..\Shared\ParsedMsg.h">
      <Filter>Header Files</Filter>
    </ClInclude>
    <ClInclude Include="PerformanceDB.h">
      <Filter>Header Files</Filter>
    </ClInclude>
    <ClInclude Include="PerformanceLog.h">
      <Filter>Header Files</Filter>
    </ClInclude>
    <ClInclude Include="PerformanceLogMgr.h">
      <Filter>Header Files</Filter>
    </ClInclude>
    <ClInclude Include="PerformanceMgr.h">
      <Filter>Header Files</Filter>
    </ClInclude>
    <ClInclude Include="PerformanceTest.h">
      <Filter>Header Files</Filter>
    </ClInclude>
    <ClInclude Include="PhysicsCollisionSystemFX.h">
      <Filter>Header Files</Filter>
    </ClInclude>
    <ClInclude Include="PhysicsConstraintFX.h">
      <Filter>Header Files</Filter>
    </ClInclude>
    <ClInclude Include="PickupItemFX.h">
      <Filter>Header Files</Filter>
    </ClInclude>
    <ClInclude Include="plasma.h">
      <Filter>Header Files</Filter>
    </ClInclude>
    <ClInclude Include="PlayerBodyMgr.h">
      <Filter>Header Files</Filter>
    </ClInclude>
    <ClInclude Include="PlayerCamera.h">
      <Filter>Header Files</Filter>
    </ClInclude>
    <ClInclude Include="PlayerLureFX.h">
      <Filter>Header Files</Filter>
    </ClInclude>
    <ClInclude Include="PlayerMgr.h">
      <Filter>Header Files</Filter>
    </ClInclude>
    <ClInclude Include="PlayerSoundFX.h">
      <Filter>Header Files</Filter>
    </ClInclude>
    <ClInclude Include="PlayerStats.h">
      <Filter>Header Files</Filter>
    </ClInclude>
    <ClInclude Include="PlayerViewAttachmentMgr.h">
      <Filter>Header Files</Filter>
    </ClInclude>
    <ClInclude Include="PolygridBuffer.h">
      <Filter>Header Files</Filter>
    </ClInclude>
    <ClInclude Include="PolyGridFX.h">
      <Filter>Header Files</Filter>
    </ClInclude>
    <ClInclude Include="ProfileMgr.h">
      <Filter>Header Files</Filter>
    </ClInclude>
    <ClInclude Include="..\Shared\ProfileUtils.h">
      <Filter>Header Files</Filter>
    </ClInclude>
    <ClInclude Include="ProjectileFX.h">
      <Filter>Header Files</Filter>
    </ClInclude>
    <ClInclude Include="RenderTargetFX.h">
      <Filter>Header Files</Filter>
    </ClInclude>
    <ClInclude Include="RenderTargetGroupFx.h">
      <Filter>Header Files</Filter>
    </ClInclude>
    <ClInclude Include="resource.h">
      <Filter>Header Files</Filter>
    </ClInclude>
    <ClInclude Include="resource1.h">
      <Filter>Header Files</Filter>
    </ClInclude>
    <ClInclude Include="..\Shared\SaveLoadMgr.h">
      <Filter>Header Files</Filter>
    </ClInclude>
    <ClInclude Include="ScatterFX.h">
      <Filter>Header Files</Filter>
    </ClInclude>
    <ClInclude Include="..\Shared\ScmdConsole.h">
      <Filter>Header Files</Filter>
    </ClInclude>
    <ClInclude Include="ScmdConsoleDriver_CShell.h">
      <Filter>Header Files</Filter>
    </ClInclude>
    <ClInclude Include="ScoresCtrl.h">
      <Filter>Header Files</Filter>
    </ClInclude>
    <ClInclude Include="ScreenAudio.h">
      <Filter>Header Files</Filter>
    </ClInclude>
    <ClInclude Include="ScreenCommands.h">
      <Filter>Header Files</Filter>
    </ClInclude>
    <ClInclude Include="ScreenConfigure.h">
      <Filter>Header Files</Filter>
    </ClInclude>
    <ClInclude Include="ScreenControls.h">
      <Filter>Header Files</Filter>
    </ClInclude>
    <ClInclude Include="ScreenCrosshair.h">
      <Filter>Header Files</Filter>
    </ClInclude>
    <ClInclude Include="ScreenDisplay.h">
      <Filter>Header Files</Filter>
    </ClInclude>
    <ClInclude Include="..\Shared\ScreenEffectDB.h">
      <Filter>Header Files</Filter>
    </ClInclude>
    <ClInclude Include="ScreenEffectFX.h">
      <Filter>Header Files</Filter>
    </ClInclude>
    <ClInclude Include="ScreenEnum.h">
      <Filter>Header Files</Filter>
    </ClInclude>
    <ClInclude Include="ScreenFailure.h">
      <Filter>Header Files</Filter>
    </ClInclude>
    <ClInclude Include="ScreenGame.h">
      <Filter>Header Files</Filter>
    </ClInclude>
    <ClInclude Include="ScreenHost.h">
      <Filter>Header Files</Filter>
    </ClInclude>
    <ClInclude Include="ScreenHostDownload.h">
      <Filter>Header Files</Filter>
    </ClInclude>
    <ClInclude Include="ScreenHostLevels.h">
      <Filter>Header Files</Filter>
    </ClInclude>
    <ClInclude Include="ScreenHostOptionFile.h">
      <Filter>Header Files</Filter>
    </ClInclude>
    <ClInclude Include="ScreenHostOptions.h">
      <Filter>Header Files</Filter>
    </ClInclude>
    <ClInclude Include="ScreenHostVoting.h">
      <Filter>Header Files</Filter>
    </ClInclude>
    <ClInclude Include="ScreenHostWeapons.h">
      <Filter>Header Files</Filter>
    </ClInclude>
    <ClInclude Include="ScreenJoystick.h">
      <Filter>Header Files</Filter>
    </ClInclude>
    <ClInclude Include="ScreenLoad.h">
      <Filter>Header Files</Filter>
    </ClInclude>
    <ClInclude Include="ScreenMain.h">
      <Filter>Header Files</Filter>
    </ClInclude>
    <ClInclude Include="ScreenMgr.h">
      <Filter>Header Files</Filter>
    </ClInclude>
    <ClInclude Include="ScreenMouse.h">
      <Filter>Header Files</Filter>
    </ClInclude>
    <ClInclude Include="ScreenMulti.h">
      <Filter>Header Files</Filter>
    </ClInclude>
    <ClInclude Include="ScreenMutePlayer.h">
      <Filter>Header Files</Filter>
    </ClInclude>
    <ClInclude Include="ScreenOptions.h">
      <Filter>Header Files</Filter>
    </ClInclude>
    <ClInclude Include="ScreenPerformance.h">
      <Filter>Header Files</Filter>
    </ClInclude>
    <ClInclude Include="ScreenPerformanceAdvanced.h">
      <Filter>Header Files</Filter>
    </ClInclude>
    <ClInclude Include="ScreenPerformanceCPU.h">
      <Filter>Header Files</Filter>
    </ClInclude>
    <ClInclude Include="ScreenPerformanceGPU.h">
      <Filter>Header Files</Filter>
    </ClInclude>
    <ClInclude Include="ScreenPlayer.h">
      <Filter>Header Files</Filter>
    </ClInclude>
    <ClInclude Include="ScreenPlayerLoadout.h">
      <Filter>Header Files</Filter>
    </ClInclude>
    <ClInclude Include="ScreenPlayerTeam.h">
      <Filter>Header Files</Filter>
    </ClInclude>
    <ClInclude Include="ScreenPostload.h">
      <Filter>Header Files</Filter>
    </ClInclude>
    <ClInclude Include="ScreenPreload.h">
      <Filter>Header Files</Filter>
    </ClInclude>
    <ClInclude Include="ScreenProfile.h">
      <Filter>Header Files</Filter>
    </ClInclude>
    <ClInclude Include="ScreenSave.h">
      <Filter>Header Files</Filter>
    </ClInclude>
    <ClInclude Include="ScreenSingle.h">
      <Filter>Header Files</Filter>
    </ClInclude>
    <ClInclude Include="ScreenTeam.h">
      <Filter>Header Files</Filter>
    </ClInclude>
    <ClInclude Include="ScreenTintMgr.h">
      <Filter>Header Files</Filter>
    </ClInclude>
    <ClInclude Include="ScreenVote.h">
      <Filter>Header Files</Filter>
    </ClInclude>
    <ClInclude Include="ScreenWeapons.h">
      <Filter>Header Files</Filter>
    </ClInclude>
    <ClInclude Include="SearchLightFX.h">
      <Filter>Header Files</Filter>
    </ClInclude>
    <ClInclude Include="ServerBrowserCtrl.h">
      <Filter>Header Files</Filter>
    </ClInclude>
    <ClInclude Include="SFXMgr.h">
      <Filter>Header Files</Filter>
    </ClInclude>
    <ClInclude Include="..\Shared\SharedBaseFXStructs.h">
      <Filter>Header Files</Filter>
    </ClInclude>
    <ClInclude Include="SharedDefs.h">
      <Filter>Header Files</Filter>
    </ClInclude>
    <ClInclude Include="..\Shared\SharedFXStructs.h">
      <Filter>Header Files</Filter>
    </ClInclude>
    <ClInclude Include="..\Shared\SharedMission.h">
      <Filter>Header Files</Filter>
    </ClInclude>
    <ClInclude Include="..\Shared\SharedMovement.h">
      <Filter>Header Files</Filter>
    </ClInclude>
    <ClInclude Include="..\Shared\SharedScoring.h">
      <Filter>Header Files</Filter>
    </ClInclude>
    <ClInclude Include="ShatterEffect.h">
      <Filter>Header Files</Filter>
    </ClInclude>
    <ClInclude Include="ShatterEffectMgr.h">
      <Filter>Header Files</Filter>
    </ClInclude>
    <ClInclude Include="..\Shared\ShatterTypeDB.h">
      <Filter>Header Files</Filter>
    </ClInclude>
    <ClInclude Include="ShellCasingFX.h">
      <Filter>Header Files</Filter>
    </ClInclude>
    <ClInclude Include="..\Shared\SkillsButeMgr.h">
      <Filter>Header Files</Filter>
    </ClInclude>
    <ClInclude Include="SnowFX.h">
      <Filter>Header Files</Filter>
    </ClInclude>
    <ClInclude Include="..\Shared\SoundDB.h">
      <Filter>Header Files</Filter>
    </ClInclude>
    <ClInclude Include="..\Shared\SoundFilterDB.h">
      <Filter>Header Files</Filter>
    </ClInclude>
    <ClInclude Include="..\Shared\SoundMgr.h">
      <Filter>Header Files</Filter>
    </ClInclude>
    <ClInclude Include="SpecialFX.h">
      <Filter>Header Files</Filter>
    </ClInclude>
    <ClInclude Include="SpecialFXList.h">
      <Filter>Header Files</Filter>
    </ClInclude>
    <ClInclude Include="SpecialFXNotifyMessageHandler.h">
      <Filter>Header Files</Filter>
    </ClInclude>
    <ClInclude Include="SpecialMoveFX.h">
      <Filter>Header Files</Filter>
    </ClInclude>
    <ClInclude Include="SpecialMoveMgr.h">
      <Filter>Header Files</Filter>
    </ClInclude>
    <ClInclude Include="Stdafx.h">
      <Filter>Header Files</Filter>
    </ClInclude>
    <ClInclude Include="StringUtilities.h">
      <Filter>Header Files</Filter>
    </ClInclude>
    <ClInclude Include="..\Shared\SurfaceDB.h">
      <Filter>Header Files</Filter>
    </ClInclude>
    <ClInclude Include="..\Shared\SurfaceFunctions.h">
      <Filter>Header Files</Filter>
    </ClInclude>
    <ClInclude Include="SystemDependant.h">
      <Filter>Header Files</Filter>
    </ClInclude>
    <ClInclude Include="TargetMgr.h">
      <Filter>Header Files</Filter>
    </ClInclude>
    <ClInclude Include="..\Shared\TeamClientFXDB.h">
      <Filter>Header Files</Filter>
    </ClInclude>
    <ClInclude Include="TeamClientFXSFX.h">
      <Filter>Header Files</Filter>
    </ClInclude>
    <ClInclude Include="..\Shared\TeamMgr.h">
      <Filter>Header Files</Filter>
    </ClInclude>
    <ClInclude Include="..\Shared\TemplateList.h">
      <Filter>Header Files</Filter>
    </ClInclude>
    <ClInclude Include="TriggerFX.h">
      <Filter>Header Files</Filter>
    </ClInclude>
    <ClInclude Include="..\Shared\TriggerTypeDB.h">
      <Filter>Header Files</Filter>
    </ClInclude>
    <ClInclude Include="TurretFX.h">
      <Filter>Header Files</Filter>
    </ClInclude>
    <ClInclude Include="UserNotificationMgr.h">
      <Filter>Header Files</Filter>
    </ClInclude>
    <ClInclude Include="VarTrack.h">
      <Filter>Header Files</Filter>
    </ClInclude>
    <ClInclude Include="VehicleMgr.h">
      <Filter>Header Files</Filter>
    </ClInclude>
    <ClInclude Include="VehicleWeapon.h">
      <Filter>Header Files</Filter>
    </ClInclude>
    <ClInclude Include="..\Shared\VersionMgr.h">
      <Filter>Header Files</Filter>
    </ClInclude>
    <ClInclude Include="VKDefs.h">
      <Filter>Header Files</Filter>
    </ClInclude>
    <ClInclude Include="VolumeBrushFX.h">
      <Filter>Header Files</Filter>
    </ClInclude>
    <ClInclude Include="VolumetricLightFX.h">
      <Filter>Header Files</Filter>
    </ClInclude>
    <ClInclude Include="..\Shared\WaveFn.h">
      <Filter>Header Files</Filter>
    </ClInclude>
    <ClInclude Include="..\Shared\WeaponDB.h">
      <Filter>Header Files</Filter>
    </ClInclude>
    <ClInclude Include="WeaponDisplay.h">
      <Filter>Header Files</Filter>
    </ClInclude>
    <ClInclude Include="WeaponFX.h">
      <Filter>Header Files</Filter>
    </ClInclude>
    <ClInclude Include="..\Shared\WinUtil.h">
      <Filter>Header Files</Filter>
    </ClInclude>
  </ItemGroup>
  <ItemGroup>
    <ResourceCompile Include="Game_ClientShell.rc" />
  </ItemGroup>
</Project>