<?xml version="1.0" encoding="utf-8"?>
<Project ToolsVersion="4.0" xmlns="http://schemas.microsoft.com/developer/msbuild/2003">
  <ItemGroup>
    <Filter Include="Source Files">
      <UniqueIdentifier>{98988dda-354f-49d7-8fcc-5bf62c1ba4f7}</UniqueIdentifier>
      <Extensions>cpp;c;cxx;rc;def;r;odl;idl;hpj;bat</Extensions>
    </Filter>
    <Filter Include="Header Files">
      <UniqueIdentifier>{bad0f7b8-8c1b-4064-9528-6eaa2b1d71fe}</UniqueIdentifier>
      <Extensions>h;hpp;hxx;hm;inl</Extensions>
    </Filter>
    <Filter Include="Resource Files">
      <UniqueIdentifier>{a6f0cbc0-e661-465e-aa91-8d8f5cd42e56}</UniqueIdentifier>
      <Extensions>ico;cur;bmp;dlg;rc2;rct;bin;rgs;gif;jpg;jpeg;jpe</Extensions>
    </Filter>
  </ItemGroup>
  <ItemGroup>
    <ClCompile Include="BaseCreateFX.cpp">
      <Filter>Source Files</Filter>
    </ClCompile>
    <ClCompile Include="BaseFx.cpp">
      <Filter>Source Files</Filter>
    </ClCompile>
    <ClCompile Include="BaseSpriteFX.cpp">
      <Filter>Source Files</Filter>
    </ClCompile>
    <ClCompile Include="CameraShakeFX.cpp">
      <Filter>Source Files</Filter>
    </ClCompile>
    <ClCompile Include="clientfx.cpp">
      <Filter>Source Files</Filter>
    </ClCompile>
    <ClCompile Include="ClientFXVertexDeclMgr.cpp">
      <Filter>Source Files</Filter>
    </ClCompile>
    <ClCompile Include="CreateFX.cpp">
      <Filter>Source Files</Filter>
    </ClCompile>
    <ClCompile Include="CreateRayFX.cpp">
      <Filter>Source Files</Filter>
    </ClCompile>
    <ClCompile Include="DebrisSystemFX.cpp">
      <Filter>Source Files</Filter>
    </ClCompile>
    <ClCompile Include="DebrisSystemProps.cpp">
      <Filter>Source Files</Filter>
    </ClCompile>
    <ClCompile Include="..\Shared\DebugNew.cpp">
      <Filter>Source Files</Filter>
    </ClCompile>
    <ClCompile Include="DecalFX.cpp">
      <Filter>Source Files</Filter>
    </ClCompile>
    <ClCompile Include="dynalightfx.cpp">
      <Filter>Source Files</Filter>
    </ClCompile>
    <ClCompile Include="FlareSpriteFX.cpp">
      <Filter>Source Files</Filter>
    </ClCompile>
    <ClCompile Include="LensFlareFX.cpp">
      <Filter>Source Files</Filter>
    </ClCompile>
    <ClCompile Include="lightningfx.cpp">
      <Filter>Source Files</Filter>
    </ClCompile>
    <ClCompile Include="LightningProps.cpp">
      <Filter>Source Files</Filter>
    </ClCompile>
    <ClCompile Include="ltbmodelfx.cpp">
      <Filter>Source Files</Filter>
    </ClCompile>
    <ClCompile Include="..\..\Engine\sdk\inc\ltmemhook.cpp">
      <Filter>Source Files</Filter>
    </ClCompile>
    <ClCompile Include="..\..\Engine\sdk\inc\ltmodule.cpp">
      <Filter>Source Files</Filter>
    </ClCompile>
    <ClCompile Include="..\..\Engine\sdk\inc\ltobjref.cpp">
      <Filter>Source Files</Filter>
    </ClCompile>
    <ClCompile Include="MemoryPageMgr.cpp">
      <Filter>Source Files</Filter>
    </ClCompile>
    <ClCompile Include="OverlayFX.cpp">
      <Filter>Source Files</Filter>
    </ClCompile>
    <ClCompile Include="ParticleSimulation.cpp">
      <Filter>Source Files</Filter>
    </ClCompile>
    <ClCompile Include="ParticleSystemFX.cpp">
      <Filter>Source Files</Filter>
    </ClCompile>
    <ClCompile Include="ParticleSystemGroup.cpp">
      <Filter>Source Files</Filter>
    </ClCompile>
    <ClCompile Include="ParticleSystemProps.cpp">
      <Filter>Source Files</Filter>
    </ClCompile>
    <ClCompile Include="..\..\Engine\sdk\inc\performancemonitorhook.cpp">
      <Filter>Source Files</Filter>
    </ClCompile>
    <ClCompile Include="PolyTrailFX.cpp">
      <Filter>Source Files</Filter>
    </ClCompile>
    <ClCompile Include="PolyTrailProps.cpp">
      <Filter>Source Files</Filter>
    </ClCompile>
    <ClCompile Include="RumbleFX.cpp">
      <Filter>Source Files</Filter>
    </ClCompile>
    <ClCompile Include="Soundfx.cpp">
      <Filter>Source Files</Filter>
    </ClCompile>
    <ClCompile Include="spritefx.cpp">
      <Filter>Source Files</Filter>
    </ClCompile>
    <ClCompile Include="stdafx.cpp">
      <Filter>Source Files</Filter>
    </ClCompile>
    <ClCompile Include="TracerFX.cpp">
      <Filter>Source Files</Filter>
    </ClCompile>
    <ClCompile Include="VideoControllerFX.cpp">
      <Filter>Source Files</Filter>
    </ClCompile>
  </ItemGroup>
  <ItemGroup>
    <ClInclude Include="..\Shared\BankedList.h">
      <Filter>Header Files</Filter>
    </ClInclude>
    <ClInclude Include="..\Shared\BankedList_impl.h">
      <Filter>Header Files</Filter>
    </ClInclude>
    <ClInclude Include="BaseCreateFX.h">
      <Filter>Header Files</Filter>
    </ClInclude>
    <ClInclude Include="..\Shared\BaseFx.h">
      <Filter>Header Files</Filter>
    </ClInclude>
    <ClInclude Include="BaseSpriteFX.h">
      <Filter>Header Files</Filter>
    </ClInclude>
    <ClInclude Include="..\Shared\BuildDefines.h">
      <Filter>Header Files</Filter>
    </ClInclude>
    <ClInclude Include="CameraShakeFX.h">
      <Filter>Header Files</Filter>
    </ClInclude>
    <ClInclude Include="clientfx.h">
      <Filter>Header Files</Filter>
    </ClInclude>
    <ClInclude Include="ClientFXSkyUtils.h">
      <Filter>Header Files</Filter>
    </ClInclude>
    <ClInclude Include="ClientFXVertexDeclMgr.h">
      <Filter>Header Files</Filter>
    </ClInclude>
    <ClInclude Include="CreateFX.h">
      <Filter>Header Files</Filter>
    </ClInclude>
    <ClInclude Include="CreateRayFX.h">
      <Filter>Header Files</Filter>
    </ClInclude>
    <ClInclude Include="DebrisSystemFX.h">
      <Filter>Header Files</Filter>
    </ClInclude>
    <ClInclude Include="DebrisSystemProps.h">
      <Filter>Header Files</Filter>
    </ClInclude>
    <ClInclude Include="..\Shared\DebugNew.h">
      <Filter>Header Files</Filter>
    </ClInclude>
    <ClInclude Include="..\Shared\DebugNew_impl.h">
      <Filter>Header Files</Filter>
    </ClInclude>
    <ClInclude Include="DecalFX.h">
      <Filter>Header Files</Filter>
    </ClInclude>
    <ClInclude Include="dynalightfx.h">
      <Filter>Header Files</Filter>
    </ClInclude>
    <ClInclude Include="FlareSpriteFX.h">
      <Filter>Header Files</Filter>
    </ClInclude>
    <ClInclude Include="LensFlareFX.h">
      <Filter>Header Files</Filter>
    </ClInclude>
    <ClInclude Include="lightningfx.h">
      <Filter>Header Files</Filter>
    </ClInclude>
    <ClInclude Include="LightningProps.h">
      <Filter>Header Files</Filter>
    </ClInclude>
    <ClInclude Include="ltbmodelfx.h">
      <Filter>Header Files</Filter>
    </ClInclude>
    <ClInclude Include="MemoryPageMgr.h">
      <Filter>Header Files</Filter>
    </ClInclude>
    <ClInclude Include="OverlayFX.h">
      <Filter>Header Files</Filter>
    </ClInclude>
    <ClInclude Include="ParticleSimulation.h">
      <Filter>Header Files</Filter>
    </ClInclude>
    <ClInclude Include="ParticleSystemFX.h">
      <Filter>Header Files</Filter>
    </ClInclude>
    <ClInclude Include="ParticleSystemGroup.h">
      <Filter>Header Files</Filter>
    </ClInclude>
    <ClInclude Include="ParticleSystemProps.h">
      <Filter>Header Files</Filter>
    </ClInclude>
    <ClInclude Include="PolyTrailFX.h">
      <Filter>Header Files</Filter>
    </ClInclude>
    <ClInclude Include="PolyTrailProps.h">
      <Filter>Header Files</Filter>
    </ClInclude>
    <ClInclude Include="RumbleFX.h">
      <Filter>Header Files</Filter>
    </ClInclude>
    <ClInclude Include="Soundfx.h">
      <Filter>Header Files</Filter>
    </ClInclude>
    <ClInclude Include="spritefx.h">
      <Filter>Header Files</Filter>
    </ClInclude>
    <ClInclude Include="stdafx.h">
      <Filter>Header Files</Filter>
    </ClInclude>
    <ClInclude Include="TracerFX.h">
      <Filter>Header Files</Filter>
    </ClInclude>
    <ClInclude Include="VideoControllerFX.h">
      <Filter>Header Files</Filter>
    </ClInclude>
  </ItemGroup>
</Project>